
Microsoft Visual Studio Solution File, Format Version 12.00
# Visual Studio Version 16
VisualStudioVersion = 16.0.29418.71
MinimumVisualStudioVersion = 10.0.40219.1
Project("{FAE04EC0-301F-11D3-BF4B-00C04F79EFBC}") = "Snake", "Snake\Snake.csproj", "{DE067584-5083-4E5D-AD8F-E79EF65648E0}"
EndProject
Global
	GlobalSection(SolutionConfigurationPlatforms) = preSolution
		Debug|Any CPU = Debug|Any CPU
		Release|Any CPU = Release|Any CPU
	EndGlobalSection
	GlobalSection(ProjectConfigurationPlatforms) = postSolution
		{DE067584-5083-4E5D-AD8F-E79EF65648E0}.Debug|Any CPU.ActiveCfg = Debug|Any CPU
		{DE067584-5083-4E5D-AD8F-E79EF65648E0}.Debug|Any CPU.Build.0 = Debug|Any CPU
		{DE067584-5083-4E5D-AD8F-E79EF65648E0}.Release|Any CPU.ActiveCfg = Release|Any CPU
		{DE067584-5083-4E5D-AD8F-E79EF65648E0}.Release|Any CPU.Build.0 = Release|Any CPU
	EndGlobalSection
	GlobalSection(SolutionProperties) = preSolution
		HideSolutionNode = FALSE
	EndGlobalSection
	GlobalSection(ExtensibilityGlobals) = postSolution
		SolutionGuid = {A3E007BD-4EB3-44FB-A93B-56DE9F2A3025}
	EndGlobalSection
EndGlobal
